
Microsoft Visual Studio Solution File, Format Version 12.00
# Visual Studio Version 17
VisualStudioVersion = 17.2.32526.322
MinimumVisualStudioVersion = 10.0.40219.1
Project("{9A19103F-16F7-4668-BE54-9A1E7A4F7556}") = "LAUER_SWEN2_TOUR_PLANNER.GUI", "LAUER_SWEN2_TOUR_PLANNER.GUI\LAUER_SWEN2_TOUR_PLANNER.GUI.csproj", "{4BF3D732-7051-4A4D-B20E-F055A5C83818}"
EndProject
Project("{9A19103F-16F7-4668-BE54-9A1E7A4F7556}") = "LAUER_SWEN2_TOUR_PLANNER.DAL", "LAUER_SWEN2_TOUR_PLANNER.DAL\LAUER_SWEN2_TOUR_PLANNER.DAL.csproj", "{5E436B08-3AE6-49EB-86B1-DA17F71CF0F9}"
EndProject
Project("{9A19103F-16F7-4668-BE54-9A1E7A4F7556}") = "LAUER_SWEN2_TOUR_PLANNER.MODEL", "LAUER_SWEN2_TOUR_PLANNER.MODEL\LAUER_SWEN2_TOUR_PLANNER.MODEL.csproj", "{A345D3DA-5664-496C-B274-F7E3573D65D1}"
EndProject
Project("{9A19103F-16F7-4668-BE54-9A1E7A4F7556}") = "LAUER_SWEN2_TOUR_PLANNER.BL", "LAUER_SWEN2_TOUR_PLANNER.LOGIC\LAUER_SWEN2_TOUR_PLANNER.BL.csproj", "{1822C0C7-8A96-4355-A60C-0E507EB6A3E9}"
EndProject
Project("{9A19103F-16F7-4668-BE54-9A1E7A4F7556}") = "LAUER_SWEN2_TOUR_PLANNER.MAPQUEST", "LAUER_SWEN2_TOUR_PLANNER.MAPQUEST\LAUER_SWEN2_TOUR_PLANNER.MAPQUEST.csproj", "{5ACE993E-19A4-4C38-8156-854C1744C758}"
EndProject
Project("{9A19103F-16F7-4668-BE54-9A1E7A4F7556}") = "LAUER_SWEN2_TOUR_PLANNER.REST_API", "LAUER_SWEN2_TOUR_PLANNER.REST_API\LAUER_SWEN2_TOUR_PLANNER.REST_API.csproj", "{720DDB01-5C93-4929-ADC2-4F31F3F65310}"
EndProject
Project("{9A19103F-16F7-4668-BE54-9A1E7A4F7556}") = "LAUER_SWEN2_TOUR_PLANNER.TEST", "LAUER_SWEN2_TOUR_PLANNER.TEST\LAUER_SWEN2_TOUR_PLANNER.TEST.csproj", "{6C5ED1BC-BF33-487F-9A33-973E2FBD28EC}"
EndProject
Global
	GlobalSection(SolutionConfigurationPlatforms) = preSolution
		Debug|Any CPU = Debug|Any CPU
		Release|Any CPU = Release|Any CPU
	EndGlobalSection
	GlobalSection(ProjectConfigurationPlatforms) = postSolution
		{4BF3D732-7051-4A4D-B20E-F055A5C83818}.Debug|Any CPU.ActiveCfg = Debug|Any CPU
		{4BF3D732-7051-4A4D-B20E-F055A5C83818}.Debug|Any CPU.Build.0 = Debug|Any CPU
		{4BF3D732-7051-4A4D-B20E-F055A5C83818}.Release|Any CPU.ActiveCfg = Release|Any CPU
		{4BF3D732-7051-4A4D-B20E-F055A5C83818}.Release|Any CPU.Build.0 = Release|Any CPU
		{5E436B08-3AE6-49EB-86B1-DA17F71CF0F9}.Debug|Any CPU.ActiveCfg = Debug|Any CPU
		{5E436B08-3AE6-49EB-86B1-DA17F71CF0F9}.Debug|Any CPU.Build.0 = Debug|Any CPU
		{5E436B08-3AE6-49EB-86B1-DA17F71CF0F9}.Release|Any CPU.ActiveCfg = Release|Any CPU
		{5E436B08-3AE6-49EB-86B1-DA17F71CF0F9}.Release|Any CPU.Build.0 = Release|Any CPU
		{A345D3DA-5664-496C-B274-F7E3573D65D1}.Debug|Any CPU.ActiveCfg = Debug|Any CPU
		{A345D3DA-5664-496C-B274-F7E3573D65D1}.Debug|Any CPU.Build.0 = Debug|Any CPU
		{A345D3DA-5664-496C-B274-F7E3573D65D1}.Release|Any CPU.ActiveCfg = Release|Any CPU
		{A345D3DA-5664-496C-B274-F7E3573D65D1}.Release|Any CPU.Build.0 = Release|Any CPU
		{1822C0C7-8A96-4355-A60C-0E507EB6A3E9}.Debug|Any CPU.ActiveCfg = Debug|Any CPU
		{1822C0C7-8A96-4355-A60C-0E507EB6A3E9}.Debug|Any CPU.Build.0 = Debug|Any CPU
		{1822C0C7-8A96-4355-A60C-0E507EB6A3E9}.Release|Any CPU.ActiveCfg = Release|Any CPU
		{1822C0C7-8A96-4355-A60C-0E507EB6A3E9}.Release|Any CPU.Build.0 = Release|Any CPU
		{5ACE993E-19A4-4C38-8156-854C1744C758}.Debug|Any CPU.ActiveCfg = Debug|Any CPU
		{5ACE993E-19A4-4C38-8156-854C1744C758}.Debug|Any CPU.Build.0 = Debug|Any CPU
		{5ACE993E-19A4-4C38-8156-854C1744C758}.Release|Any CPU.ActiveCfg = Release|Any CPU
		{5ACE993E-19A4-4C38-8156-854C1744C758}.Release|Any CPU.Build.0 = Release|Any CPU
		{720DDB01-5C93-4929-ADC2-4F31F3F65310}.Debug|Any CPU.ActiveCfg = Debug|Any CPU
		{720DDB01-5C93-4929-ADC2-4F31F3F65310}.Debug|Any CPU.Build.0 = Debug|Any CPU
		{720DDB01-5C93-4929-ADC2-4F31F3F65310}.Release|Any CPU.ActiveCfg = Release|Any CPU
		{720DDB01-5C93-4929-ADC2-4F31F3F65310}.Release|Any CPU.Build.0 = Release|Any CPU
		{6C5ED1BC-BF33-487F-9A33-973E2FBD28EC}.Debug|Any CPU.ActiveCfg = Debug|Any CPU
		{6C5ED1BC-BF33-487F-9A33-973E2FBD28EC}.Debug|Any CPU.Build.0 = Debug|Any CPU
		{6C5ED1BC-BF33-487F-9A33-973E2FBD28EC}.Release|Any CPU.ActiveCfg = Release|Any CPU
		{6C5ED1BC-BF33-487F-9A33-973E2FBD28EC}.Release|Any CPU.Build.0 = Release|Any CPU
	EndGlobalSection
	GlobalSection(SolutionProperties) = preSolution
		HideSolutionNode = FALSE
	EndGlobalSection
	GlobalSection(ExtensibilityGlobals) = postSolution
		SolutionGuid = {95C3B594-CA8C-40E2-A409-7B694F24FEC0}
	EndGlobalSection
EndGlobal
